
Microsoft Visual Studio Solution File, Format Version 12.00
# Visual Studio 15
VisualStudioVersion = 15.0.28010.2016
MinimumVisualStudioVersion = 10.0.40219.1
Project("{E24C65DC-7377-472B-9ABA-BC803B73C61A}") = "Lab6", "Lab6\", "{C5E934CA-8699-48C2-87F0-1E7FAB5148D7}"
	ProjectSection(WebsiteProperties) = preProject
		TargetFrameworkMoniker = ".NETFramework,Version%3Dv4.5"
		Debug.AspNetCompiler.VirtualPath = "/localhost_64170"
		Debug.AspNetCompiler.PhysicalPath = "Lab6\"
		Debug.AspNetCompiler.TargetPath = "PrecompiledWeb\localhost_64170\"
		Debug.AspNetCompiler.Updateable = "true"
		Debug.AspNetCompiler.ForceOverwrite = "true"
		Debug.AspNetCompiler.FixedNames = "false"
		Debug.AspNetCompiler.Debug = "True"
		Release.AspNetCompiler.VirtualPath = "/localhost_64170"
		Release.AspNetCompiler.PhysicalPath = "Lab6\"
		Release.AspNetCompiler.TargetPath = "PrecompiledWeb\localhost_64170\"
		Release.AspNetCompiler.Updateable = "true"
		Release.AspNetCompiler.ForceOverwrite = "true"
		Release.AspNetCompiler.FixedNames = "false"
		Release.AspNetCompiler.Debug = "False"
		VWDPort = "64170"
		SlnRelativePath = "Lab6\"
		DefaultWebSiteLanguage = "Visual C#"
	EndProjectSection
EndProject
Global
	GlobalSection(SolutionConfigurationPlatforms) = preSolution
		Debug|Any CPU = Debug|Any CPU
	EndGlobalSection
	GlobalSection(ProjectConfigurationPlatforms) = postSolution
		{C5E934CA-8699-48C2-87F0-1E7FAB5148D7}.Debug|Any CPU.ActiveCfg = Debug|Any CPU
		{C5E934CA-8699-48C2-87F0-1E7FAB5148D7}.Debug|Any CPU.Build.0 = Debug|Any CPU
	EndGlobalSection
	GlobalSection(SolutionProperties) = preSolution
		HideSolutionNode = FALSE
	EndGlobalSection
	GlobalSection(ExtensibilityGlobals) = postSolution
		SolutionGuid = {E159123D-4E6D-481F-A8D8-85A0269243DC}
	EndGlobalSection
EndGlobal
