
Microsoft Visual Studio Solution File, Format Version 12.00
# Visual Studio 15
VisualStudioVersion = 15.0.28010.2019
MinimumVisualStudioVersion = 10.0.40219.1
Project("{E24C65DC-7377-472B-9ABA-BC803B73C61A}") = "Lab7", "Lab7\", "{12F09649-252D-4B45-A95F-FD3D5CCBAE58}"
	ProjectSection(WebsiteProperties) = preProject
		TargetFrameworkMoniker = ".NETFramework,Version%3Dv4.5"
		Debug.AspNetCompiler.VirtualPath = "/localhost_54709"
		Debug.AspNetCompiler.PhysicalPath = "Lab7\"
		Debug.AspNetCompiler.TargetPath = "PrecompiledWeb\localhost_54709\"
		Debug.AspNetCompiler.Updateable = "true"
		Debug.AspNetCompiler.ForceOverwrite = "true"
		Debug.AspNetCompiler.FixedNames = "false"
		Debug.AspNetCompiler.Debug = "True"
		Release.AspNetCompiler.VirtualPath = "/localhost_54709"
		Release.AspNetCompiler.PhysicalPath = "Lab7\"
		Release.AspNetCompiler.TargetPath = "PrecompiledWeb\localhost_54709\"
		Release.AspNetCompiler.Updateable = "true"
		Release.AspNetCompiler.ForceOverwrite = "true"
		Release.AspNetCompiler.FixedNames = "false"
		Release.AspNetCompiler.Debug = "False"
		VWDPort = "54709"
		SlnRelativePath = "Lab7\"
		DefaultWebSiteLanguage = "Visual C#"
	EndProjectSection
EndProject
Global
	GlobalSection(SolutionConfigurationPlatforms) = preSolution
		Debug|Any CPU = Debug|Any CPU
	EndGlobalSection
	GlobalSection(ProjectConfigurationPlatforms) = postSolution
		{12F09649-252D-4B45-A95F-FD3D5CCBAE58}.Debug|Any CPU.ActiveCfg = Debug|Any CPU
		{12F09649-252D-4B45-A95F-FD3D5CCBAE58}.Debug|Any CPU.Build.0 = Debug|Any CPU
	EndGlobalSection
	GlobalSection(SolutionProperties) = preSolution
		HideSolutionNode = FALSE
	EndGlobalSection
	GlobalSection(ExtensibilityGlobals) = postSolution
		SolutionGuid = {77B63364-1042-4D04-A7AA-9C5360980A3D}
	EndGlobalSection
EndGlobal
