
Microsoft Visual Studio Solution File, Format Version 12.00
# Visual Studio 15
VisualStudioVersion = 15.0.28010.2016
MinimumVisualStudioVersion = 10.0.40219.1
Project("{E24C65DC-7377-472B-9ABA-BC803B73C61A}") = "Lab4", "Lab4\", "{C53F18FF-5D33-4CF4-BA3B-BF3222AAEE89}"
	ProjectSection(WebsiteProperties) = preProject
		TargetFrameworkMoniker = ".NETFramework,Version%3Dv4.5"
		Debug.AspNetCompiler.VirtualPath = "/localhost_64470"
		Debug.AspNetCompiler.PhysicalPath = "Lab4\"
		Debug.AspNetCompiler.TargetPath = "PrecompiledWeb\localhost_64470\"
		Debug.AspNetCompiler.Updateable = "true"
		Debug.AspNetCompiler.ForceOverwrite = "true"
		Debug.AspNetCompiler.FixedNames = "false"
		Debug.AspNetCompiler.Debug = "True"
		Release.AspNetCompiler.VirtualPath = "/localhost_64470"
		Release.AspNetCompiler.PhysicalPath = "Lab4\"
		Release.AspNetCompiler.TargetPath = "PrecompiledWeb\localhost_64470\"
		Release.AspNetCompiler.Updateable = "true"
		Release.AspNetCompiler.ForceOverwrite = "true"
		Release.AspNetCompiler.FixedNames = "false"
		Release.AspNetCompiler.Debug = "False"
		VWDPort = "64470"
		SlnRelativePath = "Lab4\"
		DefaultWebSiteLanguage = "Visual C#"
	EndProjectSection
EndProject
Global
	GlobalSection(SolutionConfigurationPlatforms) = preSolution
		Debug|Any CPU = Debug|Any CPU
	EndGlobalSection
	GlobalSection(ProjectConfigurationPlatforms) = postSolution
		{C53F18FF-5D33-4CF4-BA3B-BF3222AAEE89}.Debug|Any CPU.ActiveCfg = Debug|Any CPU
		{C53F18FF-5D33-4CF4-BA3B-BF3222AAEE89}.Debug|Any CPU.Build.0 = Debug|Any CPU
	EndGlobalSection
	GlobalSection(SolutionProperties) = preSolution
		HideSolutionNode = FALSE
	EndGlobalSection
	GlobalSection(ExtensibilityGlobals) = postSolution
		SolutionGuid = {636FA38E-F87B-44D3-BC2B-2AB22E7FAC80}
	EndGlobalSection
EndGlobal
